
Microsoft Visual Studio Solution File, Format Version 12.00
# Visual Studio Version 17
VisualStudioVersion = 17.4.33213.308
MinimumVisualStudioVersion = 10.0.40219.1
Project("{8BC9CEB8-8B4A-11D0-8D11-00A0C91BC942}") = "IF_and_SWITCH", "IF_and_SWITCH\IF_and_SWITCH.vcxproj", "{C743CC58-2273-4450-984B-51B75FD83DCA}"
EndProject
Global
	GlobalSection(SolutionConfigurationPlatforms) = preSolution
		Debug|x64 = Debug|x64
		Debug|x86 = Debug|x86
		Release|x64 = Release|x64
		Release|x86 = Release|x86
	EndGlobalSection
	GlobalSection(ProjectConfigurationPlatforms) = postSolution
		{C743CC58-2273-4450-984B-51B75FD83DCA}.Debug|x64.ActiveCfg = Debug|x64
		{C743CC58-2273-4450-984B-51B75FD83DCA}.Debug|x64.Build.0 = Debug|x64
		{C743CC58-2273-4450-984B-51B75FD83DCA}.Debug|x86.ActiveCfg = Debug|Win32
		{C743CC58-2273-4450-984B-51B75FD83DCA}.Debug|x86.Build.0 = Debug|Win32
		{C743CC58-2273-4450-984B-51B75FD83DCA}.Release|x64.ActiveCfg = Release|x64
		{C743CC58-2273-4450-984B-51B75FD83DCA}.Release|x64.Build.0 = Release|x64
		{C743CC58-2273-4450-984B-51B75FD83DCA}.Release|x86.ActiveCfg = Release|Win32
		{C743CC58-2273-4450-984B-51B75FD83DCA}.Release|x86.Build.0 = Release|Win32
	EndGlobalSection
	GlobalSection(SolutionProperties) = preSolution
		HideSolutionNode = FALSE
	EndGlobalSection
	GlobalSection(ExtensibilityGlobals) = postSolution
		SolutionGuid = {11C7A931-2DC4-472D-B66C-99DCB5341704}
	EndGlobalSection
EndGlobal
